
Microsoft Visual Studio Solution File, Format Version 12.00
# Visual Studio Version 17
VisualStudioVersion = 17.14.36414.22 d17.14
MinimumVisualStudioVersion = 10.0.40219.1
Project("{FAE04EC0-301F-11D3-BF4B-00C04F79EFBC}") = "task02", "task02\task02.csproj", "{877CDCEF-F2F8-4774-9923-2E49A5A816B1}"
EndProject
Project("{FAE04EC0-301F-11D3-BF4B-00C04F79EFBC}") = "task02tests", "task02tests\task02tests.csproj", "{0C4215F0-E3AF-4422-85C7-6D0658356274}"
EndProject
Global
	GlobalSection(SolutionConfigurationPlatforms) = preSolution
		Debug|Any CPU = Debug|Any CPU
		Release|Any CPU = Release|Any CPU
	EndGlobalSection
	GlobalSection(ProjectConfigurationPlatforms) = postSolution
		{877CDCEF-F2F8-4774-9923-2E49A5A816B1}.Debug|Any CPU.ActiveCfg = Debug|Any CPU
		{877CDCEF-F2F8-4774-9923-2E49A5A816B1}.Debug|Any CPU.Build.0 = Debug|Any CPU
		{877CDCEF-F2F8-4774-9923-2E49A5A816B1}.Release|Any CPU.ActiveCfg = Release|Any CPU
		{877CDCEF-F2F8-4774-9923-2E49A5A816B1}.Release|Any CPU.Build.0 = Release|Any CPU
		{0C4215F0-E3AF-4422-85C7-6D0658356274}.Debug|Any CPU.ActiveCfg = Debug|Any CPU
		{0C4215F0-E3AF-4422-85C7-6D0658356274}.Debug|Any CPU.Build.0 = Debug|Any CPU
		{0C4215F0-E3AF-4422-85C7-6D0658356274}.Release|Any CPU.ActiveCfg = Release|Any CPU
		{0C4215F0-E3AF-4422-85C7-6D0658356274}.Release|Any CPU.Build.0 = Release|Any CPU
	EndGlobalSection
	GlobalSection(SolutionProperties) = preSolution
		HideSolutionNode = FALSE
	EndGlobalSection
	GlobalSection(ExtensibilityGlobals) = postSolution
		SolutionGuid = {708DA4AC-A134-419F-A731-0F7819BA80BF}
	EndGlobalSection
EndGlobal
