
Microsoft Visual Studio Solution File, Format Version 12.00
# Visual Studio Version 17
VisualStudioVersion = 17.14.36414.22 d17.14
MinimumVisualStudioVersion = 10.0.40219.1
Project("{FAE04EC0-301F-11D3-BF4B-00C04F79EFBC}") = "task17", "task17\task17.csproj", "{EB3B1CC6-823B-4F0E-A2A3-CB7322BC47C3}"
EndProject
Project("{FAE04EC0-301F-11D3-BF4B-00C04F79EFBC}") = "task17tests", "task17tests\task17tests.csproj", "{99C57589-F4DD-4581-8EAA-B91E09CDFE78}"
EndProject
Global
	GlobalSection(SolutionConfigurationPlatforms) = preSolution
		Debug|Any CPU = Debug|Any CPU
		Release|Any CPU = Release|Any CPU
	EndGlobalSection
	GlobalSection(ProjectConfigurationPlatforms) = postSolution
		{EB3B1CC6-823B-4F0E-A2A3-CB7322BC47C3}.Debug|Any CPU.ActiveCfg = Debug|Any CPU
		{EB3B1CC6-823B-4F0E-A2A3-CB7322BC47C3}.Debug|Any CPU.Build.0 = Debug|Any CPU
		{EB3B1CC6-823B-4F0E-A2A3-CB7322BC47C3}.Release|Any CPU.ActiveCfg = Release|Any CPU
		{EB3B1CC6-823B-4F0E-A2A3-CB7322BC47C3}.Release|Any CPU.Build.0 = Release|Any CPU
		{99C57589-F4DD-4581-8EAA-B91E09CDFE78}.Debug|Any CPU.ActiveCfg = Debug|Any CPU
		{99C57589-F4DD-4581-8EAA-B91E09CDFE78}.Debug|Any CPU.Build.0 = Debug|Any CPU
		{99C57589-F4DD-4581-8EAA-B91E09CDFE78}.Release|Any CPU.ActiveCfg = Release|Any CPU
		{99C57589-F4DD-4581-8EAA-B91E09CDFE78}.Release|Any CPU.Build.0 = Release|Any CPU
	EndGlobalSection
	GlobalSection(SolutionProperties) = preSolution
		HideSolutionNode = FALSE
	EndGlobalSection
	GlobalSection(ExtensibilityGlobals) = postSolution
		SolutionGuid = {5D1D8C6F-8874-4155-82B7-AFA35AD06056}
	EndGlobalSection
EndGlobal
